
Microsoft Visual Studio Solution File, Format Version 12.00
# Visual Studio Version 17
VisualStudioVersion = 17.5.33516.290
MinimumVisualStudioVersion = 10.0.40219.1
Project("{FAE04EC0-301F-11D3-BF4B-00C04F79EFBC}") = "Server", "Server\Server.csproj", "{733EC827-9E70-4FD2-BC7E-244ED5CB32FD}"
EndProject
Global
	GlobalSection(SolutionConfigurationPlatforms) = preSolution
		Debug|Any CPU = Debug|Any CPU
		Release|Any CPU = Release|Any CPU
	EndGlobalSection
	GlobalSection(ProjectConfigurationPlatforms) = postSolution
		{733EC827-9E70-4FD2-BC7E-244ED5CB32FD}.Debug|Any CPU.ActiveCfg = Debug|Any CPU
		{733EC827-9E70-4FD2-BC7E-244ED5CB32FD}.Debug|Any CPU.Build.0 = Debug|Any CPU
		{733EC827-9E70-4FD2-BC7E-244ED5CB32FD}.Release|Any CPU.ActiveCfg = Release|Any CPU
		{733EC827-9E70-4FD2-BC7E-244ED5CB32FD}.Release|Any CPU.Build.0 = Release|Any CPU
	EndGlobalSection
	GlobalSection(SolutionProperties) = preSolution
		HideSolutionNode = FALSE
	EndGlobalSection
	GlobalSection(ExtensibilityGlobals) = postSolution
		SolutionGuid = {E0E1FCD5-76EF-44E7-8246-3C9EE437F337}
	EndGlobalSection
EndGlobal
